
Microsoft Visual Studio Solution File, Format Version 12.00
# Visual Studio 15
VisualStudioVersion = 15.0.26430.16
MinimumVisualStudioVersion = 10.0.40219.1
Project("{FAE04EC0-301F-11D3-BF4B-00C04F79EFBC}") = "ThreeLayersFood", "ThreeLayersFood\ThreeLayersFood.csproj", "{7391C549-DE2D-4A02-92F9-8C46335B6C83}"
EndProject
Project("{FAE04EC0-301F-11D3-BF4B-00C04F79EFBC}") = "Food_Server", "Food_Server\Food_Server.csproj", "{00D30D5D-9787-4AEC-AAED-E06496BAC8BA}"
EndProject
Project("{FAE04EC0-301F-11D3-BF4B-00C04F79EFBC}") = "Food_Client", "Food_Client\Food_Client.csproj", "{284A0B0F-611D-4EFB-A3F7-5CD57A74B3CA}"
EndProject
Global
	GlobalSection(SolutionConfigurationPlatforms) = preSolution
		Debug|Any CPU = Debug|Any CPU
		Release|Any CPU = Release|Any CPU
	EndGlobalSection
	GlobalSection(ProjectConfigurationPlatforms) = postSolution
		{7391C549-DE2D-4A02-92F9-8C46335B6C83}.Debug|Any CPU.ActiveCfg = Debug|Any CPU
		{7391C549-DE2D-4A02-92F9-8C46335B6C83}.Debug|Any CPU.Build.0 = Debug|Any CPU
		{7391C549-DE2D-4A02-92F9-8C46335B6C83}.Release|Any CPU.ActiveCfg = Release|Any CPU
		{7391C549-DE2D-4A02-92F9-8C46335B6C83}.Release|Any CPU.Build.0 = Release|Any CPU
		{00D30D5D-9787-4AEC-AAED-E06496BAC8BA}.Debug|Any CPU.ActiveCfg = Debug|Any CPU
		{00D30D5D-9787-4AEC-AAED-E06496BAC8BA}.Debug|Any CPU.Build.0 = Debug|Any CPU
		{00D30D5D-9787-4AEC-AAED-E06496BAC8BA}.Release|Any CPU.ActiveCfg = Release|Any CPU
		{00D30D5D-9787-4AEC-AAED-E06496BAC8BA}.Release|Any CPU.Build.0 = Release|Any CPU
		{284A0B0F-611D-4EFB-A3F7-5CD57A74B3CA}.Debug|Any CPU.ActiveCfg = Debug|Any CPU
		{284A0B0F-611D-4EFB-A3F7-5CD57A74B3CA}.Debug|Any CPU.Build.0 = Debug|Any CPU
		{284A0B0F-611D-4EFB-A3F7-5CD57A74B3CA}.Release|Any CPU.ActiveCfg = Release|Any CPU
		{284A0B0F-611D-4EFB-A3F7-5CD57A74B3CA}.Release|Any CPU.Build.0 = Release|Any CPU
	EndGlobalSection
	GlobalSection(SolutionProperties) = preSolution
		HideSolutionNode = FALSE
	EndGlobalSection
EndGlobal
